// !$*UTF8*$!
{
	archiveVersion = 1;
	classes = {
	};
	objectVersion = 77;
	objects = {

/* Begin PBXContainerItemProxy section */
		AA4A52E72CEDF57E00C79994 /* PBXContainerItemProxy */ = {
			isa = PBXContainerItemProxy;
			containerPortal = AA4A52CE2CEDF57D00C79994 /* Project object */;
			proxyType = 1;
			remoteGlobalIDString = AA4A52D52CEDF57D00C79994;
			remoteInfo = CtrlPanel;
		};
		AA4A52F12CEDF57E00C79994 /* PBXContainerItemProxy */ = {
			isa = PBXContainerItemProxy;
			containerPortal = AA4A52CE2CEDF57D00C79994 /* Project object */;
			proxyType = 1;
			remoteGlobalIDString = AA4A52D52CEDF57D00C79994;
			remoteInfo = CtrlPanel;
		};
/* End PBXContainerItemProxy section */

/* Begin PBXFileReference section */
		AAC5116C2D49EDA500BF52A5 /* TrackCount.xctestplan */ = {isa = PBXFileReference; lastKnownFileType = text; name = TrackCount.xctestplan; path = ../TrackCount.xctestplan; sourceTree = "<group>"; };
		AACD8EFD2E5A9EEF00292F0A /* TrackCount.app */ = {isa = PBXFileReference; explicitFileType = wrapper.application; includeInIndex = 0; name = TrackCount.app; path = "/Users/ethanlagera/Documents/XCode/TrackCount/build/Debug-iphoneos/TrackCount.app"; sourceTree = "<absolute>"; };
		AAE4CACB2D4B0F5600795A08 /* TrackCountUITests.xctest */ = {isa = PBXFileReference; explicitFileType = wrapper.cfbundle; includeInIndex = 0; path = TrackCountUITests.xctest; sourceTree = BUILT_PRODUCTS_DIR; };
		AAE4CACC2D4B0F5600795A08 /* TrackCountTests.xctest */ = {isa = PBXFileReference; explicitFileType = wrapper.cfbundle; includeInIndex = 0; path = TrackCountTests.xctest; sourceTree = BUILT_PRODUCTS_DIR; };
/* End PBXFileReference section */

/* Begin PBXFileSystemSynchronizedBuildFileExceptionSet section */
		AA8CD27B2CF392060066518E /* Exceptions for "TrackCount" folder in "TrackCount" target */ = {
			isa = PBXFileSystemSynchronizedBuildFileExceptionSet;
			membershipExceptions = (
				Info.plist,
			);
			target = AA4A52D52CEDF57D00C79994 /* TrackCount */;
		};
		AAC5117C2D49EF7100BF52A5 /* Exceptions for "TrackCountUITests" folder in "TrackCount" target */ = {
			isa = PBXFileSystemSynchronizedBuildFileExceptionSet;
			membershipExceptions = (
				TrackCountUITests.swift,
			);
			target = AA4A52D52CEDF57D00C79994 /* TrackCount */;
		};
		AAC511802D49EFB500BF52A5 /* Exceptions for "TrackCountUITests" folder in "TrackCountUITests" target */ = {
			isa = PBXFileSystemSynchronizedBuildFileExceptionSet;
			membershipExceptions = (
				TrackCountUITests.swift,
			);
			target = AA4A52EF2CEDF57E00C79994 /* TrackCountUITests */;
		};
		AAE4CB312D4B959500795A08 /* Exceptions for "TrackCount" folder in "TrackCountUITests" target */ = {
			isa = PBXFileSystemSynchronizedBuildFileExceptionSet;
			membershipExceptions = (
				DataModels.swift,
				Misc/CodableColor.swift,
			);
			target = AA4A52EF2CEDF57E00C79994 /* TrackCountUITests */;
		};
/* End PBXFileSystemSynchronizedBuildFileExceptionSet section */

/* Begin PBXFileSystemSynchronizedRootGroup section */
		AA4A52D82CEDF57D00C79994 /* TrackCount */ = {
			isa = PBXFileSystemSynchronizedRootGroup;
			exceptions = (
				AA8CD27B2CF392060066518E /* Exceptions for "TrackCount" folder in "TrackCount" target */,
				AAE4CB312D4B959500795A08 /* Exceptions for "TrackCount" folder in "TrackCountUITests" target */,
			);
			path = TrackCount;
			sourceTree = "<group>";
		};
		AAC5116A2D49ED4700BF52A5 /* TrackCountUITests */ = {
			isa = PBXFileSystemSynchronizedRootGroup;
			exceptions = (
				AAC5117C2D49EF7100BF52A5 /* Exceptions for "TrackCountUITests" folder in "TrackCount" target */,
				AAC511802D49EFB500BF52A5 /* Exceptions for "TrackCountUITests" folder in "TrackCountUITests" target */,
			);
			explicitFileTypes = {
				TrackCountUITests.swift = sourcecode.swift;
			};
			path = TrackCountUITests;
			sourceTree = "<group>";
		};
		AAC5117B2D49EF5700BF52A5 /* TrackCountTests */ = {
			isa = PBXFileSystemSynchronizedRootGroup;
			path = TrackCountTests;
			sourceTree = "<group>";
		};
/* End PBXFileSystemSynchronizedRootGroup section */

/* Begin PBXFrameworksBuildPhase section */
		AA4A52D32CEDF57D00C79994 /* Frameworks */ = {
			isa = PBXFrameworksBuildPhase;
			buildActionMask = 2147483647;
			files = (
			);
			runOnlyForDeploymentPostprocessing = 0;
		};
		AA4A52E32CEDF57E00C79994 /* Frameworks */ = {
			isa = PBXFrameworksBuildPhase;
			buildActionMask = 2147483647;
			files = (
			);
			runOnlyForDeploymentPostprocessing = 0;
		};
		AA4A52ED2CEDF57E00C79994 /* Frameworks */ = {
			isa = PBXFrameworksBuildPhase;
			buildActionMask = 2147483647;
			files = (
			);
			runOnlyForDeploymentPostprocessing = 0;
		};
/* End PBXFrameworksBuildPhase section */

/* Begin PBXGroup section */
		AA4A52CD2CEDF57D00C79994 = {
			isa = PBXGroup;
			children = (
				AAC5116C2D49EDA500BF52A5 /* TrackCount.xctestplan */,
				AA4A52D82CEDF57D00C79994 /* TrackCount */,
				AAC5117B2D49EF5700BF52A5 /* TrackCountTests */,
				AAC5116A2D49ED4700BF52A5 /* TrackCountUITests */,
				AAE4CACB2D4B0F5600795A08 /* TrackCountUITests.xctest */,
				AAE4CACC2D4B0F5600795A08 /* TrackCountTests.xctest */,
			);
			sourceTree = "<group>";
		};
/* End PBXGroup section */

/* Begin PBXNativeTarget section */
		AA4A52D52CEDF57D00C79994 /* TrackCount */ = {
			isa = PBXNativeTarget;
			buildConfigurationList = AA4A52FA2CEDF57E00C79994 /* Build configuration list for PBXNativeTarget "TrackCount" */;
			buildPhases = (
				AA4A52D22CEDF57D00C79994 /* Sources */,
				AA4A52D32CEDF57D00C79994 /* Frameworks */,
				AA4A52D42CEDF57D00C79994 /* Resources */,
			);
			buildRules = (
			);
			dependencies = (
			);
			fileSystemSynchronizedGroups = (
				AA4A52D82CEDF57D00C79994 /* TrackCount */,
				AAC5116A2D49ED4700BF52A5 /* TrackCountUITests */,
				AAC5117B2D49EF5700BF52A5 /* TrackCountTests */,
			);
			name = TrackCount;
			packageProductDependencies = (
			);
			productName = CtrlPanel;
			productReference = AACD8EFD2E5A9EEF00292F0A /* TrackCount.app */;
			productType = "com.apple.product-type.application";
		};
		AA4A52E52CEDF57E00C79994 /* TrackCountTests */ = {
			isa = PBXNativeTarget;
			buildConfigurationList = AA4A52FD2CEDF57E00C79994 /* Build configuration list for PBXNativeTarget "TrackCountTests" */;
			buildPhases = (
				AA4A52E22CEDF57E00C79994 /* Sources */,
				AA4A52E32CEDF57E00C79994 /* Frameworks */,
				AA4A52E42CEDF57E00C79994 /* Resources */,
			);
			buildRules = (
			);
			dependencies = (
				AA4A52E82CEDF57E00C79994 /* PBXTargetDependency */,
			);
			name = TrackCountTests;
			packageProductDependencies = (
			);
			productName = CtrlPanelTests;
			productReference = AAE4CACC2D4B0F5600795A08 /* TrackCountTests.xctest */;
			productType = "com.apple.product-type.bundle.unit-test";
		};
		AA4A52EF2CEDF57E00C79994 /* TrackCountUITests */ = {
			isa = PBXNativeTarget;
			buildConfigurationList = AA4A53002CEDF57E00C79994 /* Build configuration list for PBXNativeTarget "TrackCountUITests" */;
			buildPhases = (
				AA4A52EC2CEDF57E00C79994 /* Sources */,
				AA4A52ED2CEDF57E00C79994 /* Frameworks */,
				AA4A52EE2CEDF57E00C79994 /* Resources */,
			);
			buildRules = (
			);
			dependencies = (
				AA4A52F22CEDF57E00C79994 /* PBXTargetDependency */,
			);
			name = TrackCountUITests;
			packageProductDependencies = (
			);
			productName = CtrlPanelUITests;
			productReference = AAE4CACB2D4B0F5600795A08 /* TrackCountUITests.xctest */;
			productType = "com.apple.product-type.bundle.ui-testing";
		};
/* End PBXNativeTarget section */

/* Begin PBXProject section */
		AA4A52CE2CEDF57D00C79994 /* Project object */ = {
			isa = PBXProject;
			attributes = {
				BuildIndependentTargetsInParallel = 1;
				LastSwiftUpdateCheck = 1610;
				LastUpgradeCheck = 2600;
				TargetAttributes = {
					AA4A52D52CEDF57D00C79994 = {
						CreatedOnToolsVersion = 16.1;
					};
					AA4A52E52CEDF57E00C79994 = {
						CreatedOnToolsVersion = 16.1;
						LastSwiftMigration = 1620;
						TestTargetID = AA4A52D52CEDF57D00C79994;
					};
					AA4A52EF2CEDF57E00C79994 = {
						CreatedOnToolsVersion = 16.1;
						TestTargetID = AA4A52D52CEDF57D00C79994;
					};
				};
			};
			buildConfigurationList = AA4A52D12CEDF57D00C79994 /* Build configuration list for PBXProject "TrackCount" */;
			developmentRegion = en;
			hasScannedForEncodings = 0;
			knownRegions = (
				en,
				Base,
			);
			mainGroup = AA4A52CD2CEDF57D00C79994;
			minimizedProjectReferenceProxies = 1;
			preferredProjectObjectVersion = 77;
			productRefGroup = AA4A52CD2CEDF57D00C79994;
			projectDirPath = "";
			projectRoot = "";
			targets = (
				AA4A52D52CEDF57D00C79994 /* TrackCount */,
				AA4A52E52CEDF57E00C79994 /* TrackCountTests */,
				AA4A52EF2CEDF57E00C79994 /* TrackCountUITests */,
			);
		};
/* End PBXProject section */

/* Begin PBXResourcesBuildPhase section */
		AA4A52D42CEDF57D00C79994 /* Resources */ = {
			isa = PBXResourcesBuildPhase;
			buildActionMask = 2147483647;
			files = (
			);
			runOnlyForDeploymentPostprocessing = 0;
		};
		AA4A52E42CEDF57E00C79994 /* Resources */ = {
			isa = PBXResourcesBuildPhase;
			buildActionMask = 2147483647;
			files = (
			);
			runOnlyForDeploymentPostprocessing = 0;
		};
		AA4A52EE2CEDF57E00C79994 /* Resources */ = {
			isa = PBXResourcesBuildPhase;
			buildActionMask = 2147483647;
			files = (
			);
			runOnlyForDeploymentPostprocessing = 0;
		};
/* End PBXResourcesBuildPhase section */

/* Begin PBXSourcesBuildPhase section */
		AA4A52D22CEDF57D00C79994 /* Sources */ = {
			isa = PBXSourcesBuildPhase;
			buildActionMask = 2147483647;
			files = (
			);
			runOnlyForDeploymentPostprocessing = 0;
		};
		AA4A52E22CEDF57E00C79994 /* Sources */ = {
			isa = PBXSourcesBuildPhase;
			buildActionMask = 2147483647;
			files = (
			);
			runOnlyForDeploymentPostprocessing = 0;
		};
		AA4A52EC2CEDF57E00C79994 /* Sources */ = {
			isa = PBXSourcesBuildPhase;
			buildActionMask = 2147483647;
			files = (
			);
			runOnlyForDeploymentPostprocessing = 0;
		};
/* End PBXSourcesBuildPhase section */

/* Begin PBXTargetDependency section */
		AA4A52E82CEDF57E00C79994 /* PBXTargetDependency */ = {
			isa = PBXTargetDependency;
			target = AA4A52D52CEDF57D00C79994 /* TrackCount */;
			targetProxy = AA4A52E72CEDF57E00C79994 /* PBXContainerItemProxy */;
		};
		AA4A52F22CEDF57E00C79994 /* PBXTargetDependency */ = {
			isa = PBXTargetDependency;
			target = AA4A52D52CEDF57D00C79994 /* TrackCount */;
			targetProxy = AA4A52F12CEDF57E00C79994 /* PBXContainerItemProxy */;
		};
/* End PBXTargetDependency section */

/* Begin XCBuildConfiguration section */
		AA4A52F82CEDF57E00C79994 /* Debug */ = {
			isa = XCBuildConfiguration;
			buildSettings = {
				ALWAYS_SEARCH_USER_PATHS = NO;
				ASSETCATALOG_COMPILER_GENERATE_SWIFT_ASSET_SYMBOL_EXTENSIONS = YES;
				CLANG_ANALYZER_NONNULL = YES;
				CLANG_ANALYZER_NUMBER_OBJECT_CONVERSION = YES_AGGRESSIVE;
				CLANG_CXX_LANGUAGE_STANDARD = "gnu++20";
				CLANG_ENABLE_MODULES = YES;
				CLANG_ENABLE_OBJC_ARC = YES;
				CLANG_ENABLE_OBJC_WEAK = YES;
				CLANG_WARN_BLOCK_CAPTURE_AUTORELEASING = YES;
				CLANG_WARN_BOOL_CONVERSION = YES;
				CLANG_WARN_COMMA = YES;
				CLANG_WARN_CONSTANT_CONVERSION = YES;
				CLANG_WARN_DEPRECATED_OBJC_IMPLEMENTATIONS = YES;
				CLANG_WARN_DIRECT_OBJC_ISA_USAGE = YES_ERROR;
				CLANG_WARN_DOCUMENTATION_COMMENTS = YES;
				CLANG_WARN_EMPTY_BODY = YES;
				CLANG_WARN_ENUM_CONVERSION = YES;
				CLANG_WARN_INFINITE_RECURSION = YES;
				CLANG_WARN_INT_CONVERSION = YES;
				CLANG_WARN_NON_LITERAL_NULL_CONVERSION = YES;
				CLANG_WARN_OBJC_IMPLICIT_RETAIN_SELF = YES;
				CLANG_WARN_OBJC_LITERAL_CONVERSION = YES;
				CLANG_WARN_OBJC_ROOT_CLASS = YES_ERROR;
				CLANG_WARN_QUOTED_INCLUDE_IN_FRAMEWORK_HEADER = YES;
				CLANG_WARN_RANGE_LOOP_ANALYSIS = YES;
				CLANG_WARN_STRICT_PROTOTYPES = YES;
				CLANG_WARN_SUSPICIOUS_MOVE = YES;
				CLANG_WARN_UNGUARDED_AVAILABILITY = YES_AGGRESSIVE;
				CLANG_WARN_UNREACHABLE_CODE = YES;
				CLANG_WARN__DUPLICATE_METHOD_MATCH = YES;
				COPY_PHASE_STRIP = NO;
				DEBUG_INFORMATION_FORMAT = dwarf;
				DEVELOPMENT_TEAM = L5KZFNA2X4;
				ENABLE_STRICT_OBJC_MSGSEND = YES;
				ENABLE_TESTABILITY = YES;
				ENABLE_USER_SCRIPT_SANDBOXING = YES;
				GCC_C_LANGUAGE_STANDARD = gnu17;
				GCC_DYNAMIC_NO_PIC = NO;
				GCC_NO_COMMON_BLOCKS = YES;
				GCC_OPTIMIZATION_LEVEL = 0;
				GCC_PREPROCESSOR_DEFINITIONS = (
					"DEBUG=1",
					"$(inherited)",
				);
				GCC_WARN_64_TO_32_BIT_CONVERSION = YES;
				GCC_WARN_ABOUT_RETURN_TYPE = YES_ERROR;
				GCC_WARN_UNDECLARED_SELECTOR = YES;
				GCC_WARN_UNINITIALIZED_AUTOS = YES_AGGRESSIVE;
				GCC_WARN_UNUSED_FUNCTION = YES;
				GCC_WARN_UNUSED_VARIABLE = YES;
				IPHONEOS_DEPLOYMENT_TARGET = 18.1;
				LOCALIZATION_PREFERS_STRING_CATALOGS = YES;
				MTL_ENABLE_DEBUG_INFO = INCLUDE_SOURCE;
				MTL_FAST_MATH = YES;
				ONLY_ACTIVE_ARCH = YES;
				SDKROOT = iphoneos;
				STRING_CATALOG_GENERATE_SYMBOLS = YES;
				SWIFT_ACTIVE_COMPILATION_CONDITIONS = "DEBUG $(inherited)";
				SWIFT_OPTIMIZATION_LEVEL = "-Onone";
			};
			name = Debug;
		};
		AA4A52F92CEDF57E00C79994 /* Release */ = {
			isa = XCBuildConfiguration;
			buildSettings = {
				ALWAYS_SEARCH_USER_PATHS = NO;
				ASSETCATALOG_COMPILER_GENERATE_SWIFT_ASSET_SYMBOL_EXTENSIONS = YES;
				CLANG_ANALYZER_NONNULL = YES;
				CLANG_ANALYZER_NUMBER_OBJECT_CONVERSION = YES_AGGRESSIVE;
				CLANG_CXX_LANGUAGE_STANDARD = "gnu++20";
				CLANG_ENABLE_MODULES = YES;
				CLANG_ENABLE_OBJC_ARC = YES;
				CLANG_ENABLE_OBJC_WEAK = YES;
				CLANG_WARN_BLOCK_CAPTURE_AUTORELEASING = YES;
				CLANG_WARN_BOOL_CONVERSION = YES;
				CLANG_WARN_COMMA = YES;
				CLANG_WARN_CONSTANT_CONVERSION = YES;
				CLANG_WARN_DEPRECATED_OBJC_IMPLEMENTATIONS = YES;
				CLANG_WARN_DIRECT_OBJC_ISA_USAGE = YES_ERROR;
				CLANG_WARN_DOCUMENTATION_COMMENTS = YES;
				CLANG_WARN_EMPTY_BODY = YES;
				CLANG_WARN_ENUM_CONVERSION = YES;
				CLANG_WARN_INFINITE_RECURSION = YES;
				CLANG_WARN_INT_CONVERSION = YES;
				CLANG_WARN_NON_LITERAL_NULL_CONVERSION = YES;
				CLANG_WARN_OBJC_IMPLICIT_RETAIN_SELF = YES;
				CLANG_WARN_OBJC_LITERAL_CONVERSION = YES;
				CLANG_WARN_OBJC_ROOT_CLASS = YES_ERROR;
				CLANG_WARN_QUOTED_INCLUDE_IN_FRAMEWORK_HEADER = YES;
				CLANG_WARN_RANGE_LOOP_ANALYSIS = YES;
				CLANG_WARN_STRICT_PROTOTYPES = YES;
				CLANG_WARN_SUSPICIOUS_MOVE = YES;
				CLANG_WARN_UNGUARDED_AVAILABILITY = YES_AGGRESSIVE;
				CLANG_WARN_UNREACHABLE_CODE = YES;
				CLANG_WARN__DUPLICATE_METHOD_MATCH = YES;
				COPY_PHASE_STRIP = NO;
				DEBUG_INFORMATION_FORMAT = "dwarf-with-dsym";
				DEVELOPMENT_TEAM = L5KZFNA2X4;
				ENABLE_NS_ASSERTIONS = NO;
				ENABLE_STRICT_OBJC_MSGSEND = YES;
				ENABLE_USER_SCRIPT_SANDBOXING = YES;
				GCC_C_LANGUAGE_STANDARD = gnu17;
				GCC_NO_COMMON_BLOCKS = YES;
				GCC_WARN_64_TO_32_BIT_CONVERSION = YES;
				GCC_WARN_ABOUT_RETURN_TYPE = YES_ERROR;
				GCC_WARN_UNDECLARED_SELECTOR = YES;
				GCC_WARN_UNINITIALIZED_AUTOS = YES_AGGRESSIVE;
				GCC_WARN_UNUSED_FUNCTION = YES;
				GCC_WARN_UNUSED_VARIABLE = YES;
				IPHONEOS_DEPLOYMENT_TARGET = 18.1;
				LOCALIZATION_PREFERS_STRING_CATALOGS = YES;
				MTL_ENABLE_DEBUG_INFO = NO;
				MTL_FAST_MATH = YES;
				SDKROOT = iphoneos;
				STRING_CATALOG_GENERATE_SYMBOLS = YES;
				SWIFT_COMPILATION_MODE = wholemodule;
				VALIDATE_PRODUCT = YES;
			};
			name = Release;
		};
		AA4A52FB2CEDF57E00C79994 /* Debug */ = {
			isa = XCBuildConfiguration;
			buildSettings = {
				ASSETCATALOG_COMPILER_APPICON_NAME = AppIcon;
				ASSETCATALOG_COMPILER_GLOBAL_ACCENT_COLOR_NAME = AccentColor;
				CODE_SIGN_ENTITLEMENTS = TrackCount/TrackCount.entitlements;
				CODE_SIGN_IDENTITY = "Apple Development";
				CODE_SIGN_STYLE = Automatic;
				CURRENT_PROJECT_VERSION = 1;
				DEVELOPMENT_ASSET_PATHS = "";
				ENABLE_PREVIEWS = YES;
				GENERATE_INFOPLIST_FILE = YES;
				INFOPLIST_FILE = TrackCount/Info.plist;
				INFOPLIST_KEY_CFBundleDisplayName = TrackCount;
				INFOPLIST_KEY_ITSAppUsesNonExemptEncryption = NO;
				INFOPLIST_KEY_LSApplicationCategoryType = "public.app-category.utilities";
				INFOPLIST_KEY_UIApplicationSceneManifest_Generation = YES;
				INFOPLIST_KEY_UIApplicationSupportsIndirectInputEvents = YES;
				INFOPLIST_KEY_UILaunchScreen_Generation = YES;
				INFOPLIST_KEY_UILaunchStoryboardName = "";
				INFOPLIST_KEY_UISupportedInterfaceOrientations_iPad = "UIInterfaceOrientationPortrait UIInterfaceOrientationPortraitUpsideDown UIInterfaceOrientationLandscapeLeft UIInterfaceOrientationLandscapeRight";
				INFOPLIST_KEY_UISupportedInterfaceOrientations_iPhone = "UIInterfaceOrientationPortrait UIInterfaceOrientationLandscapeLeft UIInterfaceOrientationLandscapeRight";
				IPHONEOS_DEPLOYMENT_TARGET = 17.0;
				LD_RUNPATH_SEARCH_PATHS = (
					"$(inherited)",
					"@executable_path/Frameworks",
				);
				MARKETING_VERSION = 1.3;
				PRODUCT_BUNDLE_IDENTIFIER = com.lagera.TrackCount;
				PRODUCT_NAME = "$(TARGET_NAME)";
				PROVISIONING_PROFILE_SPECIFIER = "";
				SWIFT_EMIT_LOC_STRINGS = YES;
				SWIFT_VERSION = 5.0;
				TARGETED_DEVICE_FAMILY = "1,2";
			};
			name = Debug;
		};
		AA4A52FC2CEDF57E00C79994 /* Release */ = {
			isa = XCBuildConfiguration;
			buildSettings = {
				ASSETCATALOG_COMPILER_APPICON_NAME = AppIcon;
				ASSETCATALOG_COMPILER_GLOBAL_ACCENT_COLOR_NAME = AccentColor;
				CODE_SIGN_ENTITLEMENTS = TrackCount/TrackCount.entitlements;
				CODE_SIGN_IDENTITY = "Apple Development";
				CODE_SIGN_STYLE = Automatic;
				CURRENT_PROJECT_VERSION = 1;
				DEVELOPMENT_ASSET_PATHS = "";
				ENABLE_PREVIEWS = YES;
				GENERATE_INFOPLIST_FILE = YES;
				INFOPLIST_FILE = TrackCount/Info.plist;
				INFOPLIST_KEY_CFBundleDisplayName = TrackCount;
				INFOPLIST_KEY_ITSAppUsesNonExemptEncryption = NO;
				INFOPLIST_KEY_LSApplicationCategoryType = "public.app-category.utilities";
				INFOPLIST_KEY_UIApplicationSceneManifest_Generation = YES;
				INFOPLIST_KEY_UIApplicationSupportsIndirectInputEvents = YES;
				INFOPLIST_KEY_UILaunchScreen_Generation = YES;
				INFOPLIST_KEY_UILaunchStoryboardName = "";
				INFOPLIST_KEY_UISupportedInterfaceOrientations_iPad = "UIInterfaceOrientationPortrait UIInterfaceOrientationPortraitUpsideDown UIInterfaceOrientationLandscapeLeft UIInterfaceOrientationLandscapeRight";
				INFOPLIST_KEY_UISupportedInterfaceOrientations_iPhone = "UIInterfaceOrientationPortrait UIInterfaceOrientationLandscapeLeft UIInterfaceOrientationLandscapeRight";
				IPHONEOS_DEPLOYMENT_TARGET = 17.0;
				LD_RUNPATH_SEARCH_PATHS = (
					"$(inherited)",
					"@executable_path/Frameworks",
				);
				MARKETING_VERSION = 1.3;
				PRODUCT_BUNDLE_IDENTIFIER = com.lagera.TrackCount;
				PRODUCT_NAME = "$(TARGET_NAME)";
				PROVISIONING_PROFILE_SPECIFIER = "";
				SWIFT_EMIT_LOC_STRINGS = YES;
				SWIFT_VERSION = 5.0;
				TARGETED_DEVICE_FAMILY = "1,2";
			};
			name = Release;
		};
		AA4A52FE2CEDF57E00C79994 /* Debug */ = {
			isa = XCBuildConfiguration;
			buildSettings = {
				BUNDLE_LOADER = "$(TEST_HOST)";
				CLANG_ENABLE_MODULES = YES;
				CODE_SIGN_STYLE = Automatic;
				CURRENT_PROJECT_VERSION = 1;
				GENERATE_INFOPLIST_FILE = YES;
				IPHONEOS_DEPLOYMENT_TARGET = 17.0;
				MARKETING_VERSION = 1.0;
				PRODUCT_BUNDLE_IDENTIFIER = lagera.TrackCountTests;
				PRODUCT_NAME = "$(TARGET_NAME)";
				SWIFT_EMIT_LOC_STRINGS = NO;
				SWIFT_OBJC_BRIDGING_HEADER = "TrackCountTests-Bridging-Header.h";
				SWIFT_OPTIMIZATION_LEVEL = "-Onone";
				SWIFT_VERSION = 5.0;
				TARGETED_DEVICE_FAMILY = "1,2";
				TEST_HOST = "$(BUILT_PRODUCTS_DIR)/TrackCount.app/$(BUNDLE_EXECUTABLE_FOLDER_PATH)/TrackCount";
			};
			name = Debug;
		};
		AA4A52FF2CEDF57E00C79994 /* Release */ = {
			isa = XCBuildConfiguration;
			buildSettings = {
				BUNDLE_LOADER = "$(TEST_HOST)";
				CLANG_ENABLE_MODULES = YES;
				CODE_SIGN_STYLE = Automatic;
				CURRENT_PROJECT_VERSION = 1;
				GENERATE_INFOPLIST_FILE = YES;
				IPHONEOS_DEPLOYMENT_TARGET = 17.0;
				MARKETING_VERSION = 1.0;
				PRODUCT_BUNDLE_IDENTIFIER = lagera.TrackCountTests;
				PRODUCT_NAME = "$(TARGET_NAME)";
				SWIFT_EMIT_LOC_STRINGS = NO;
				SWIFT_OBJC_BRIDGING_HEADER = "TrackCountTests-Bridging-Header.h";
				SWIFT_VERSION = 5.0;
				TARGETED_DEVICE_FAMILY = "1,2";
				TEST_HOST = "$(BUILT_PRODUCTS_DIR)/TrackCount.app/$(BUNDLE_EXECUTABLE_FOLDER_PATH)/TrackCount";
			};
			name = Release;
		};
		AA4A53012CEDF57E00C79994 /* Debug */ = {
			isa = XCBuildConfiguration;
			buildSettings = {
				CODE_SIGN_STYLE = Automatic;
				CURRENT_PROJECT_VERSION = 1;
				GENERATE_INFOPLIST_FILE = YES;
				IPHONEOS_DEPLOYMENT_TARGET = 17.0;
				MARKETING_VERSION = 1.0;
				PRODUCT_BUNDLE_IDENTIFIER = lagera.TrackCountUITests;
				PRODUCT_NAME = "$(TARGET_NAME)";
				SWIFT_EMIT_LOC_STRINGS = NO;
				SWIFT_VERSION = 5.0;
				TARGETED_DEVICE_FAMILY = "1,2";
				TEST_TARGET_NAME = TrackCount;
			};
			name = Debug;
		};
		AA4A53022CEDF57E00C79994 /* Release */ = {
			isa = XCBuildConfiguration;
			buildSettings = {
				CODE_SIGN_STYLE = Automatic;
				CURRENT_PROJECT_VERSION = 1;
				GENERATE_INFOPLIST_FILE = YES;
				IPHONEOS_DEPLOYMENT_TARGET = 17.0;
				MARKETING_VERSION = 1.0;
				PRODUCT_BUNDLE_IDENTIFIER = lagera.TrackCountUITests;
				PRODUCT_NAME = "$(TARGET_NAME)";
				SWIFT_EMIT_LOC_STRINGS = NO;
				SWIFT_VERSION = 5.0;
				TARGETED_DEVICE_FAMILY = "1,2";
				TEST_TARGET_NAME = TrackCount;
			};
			name = Release;
		};
/* End XCBuildConfiguration section */

/* Begin XCConfigurationList section */
		AA4A52D12CEDF57D00C79994 /* Build configuration list for PBXProject "TrackCount" */ = {
			isa = XCConfigurationList;
			buildConfigurations = (
				AA4A52F82CEDF57E00C79994 /* Debug */,
				AA4A52F92CEDF57E00C79994 /* Release */,
			);
			defaultConfigurationIsVisible = 0;
			defaultConfigurationName = Release;
		};
		AA4A52FA2CEDF57E00C79994 /* Build configuration list for PBXNativeTarget "TrackCount" */ = {
			isa = XCConfigurationList;
			buildConfigurations = (
				AA4A52FB2CEDF57E00C79994 /* Debug */,
				AA4A52FC2CEDF57E00C79994 /* Release */,
			);
			defaultConfigurationIsVisible = 0;
			defaultConfigurationName = Release;
		};
		AA4A52FD2CEDF57E00C79994 /* Build configuration list for PBXNativeTarget "TrackCountTests" */ = {
			isa = XCConfigurationList;
			buildConfigurations = (
				AA4A52FE2CEDF57E00C79994 /* Debug */,
				AA4A52FF2CEDF57E00C79994 /* Release */,
			);
			defaultConfigurationIsVisible = 0;
			defaultConfigurationName = Release;
		};
		AA4A53002CEDF57E00C79994 /* Build configuration list for PBXNativeTarget "TrackCountUITests" */ = {
			isa = XCConfigurationList;
			buildConfigurations = (
				AA4A53012CEDF57E00C79994 /* Debug */,
				AA4A53022CEDF57E00C79994 /* Release */,
			);
			defaultConfigurationIsVisible = 0;
			defaultConfigurationName = Release;
		};
/* End XCConfigurationList section */
	};
	rootObject = AA4A52CE2CEDF57D00C79994 /* Project object */;
}
